
Microsoft Visual Studio Solution File, Format Version 12.00
# Visual Studio Version 16
VisualStudioVersion = 16.0.29306.81
MinimumVisualStudioVersion = 10.0.40219.1
Project("{FAE04EC0-301F-11D3-BF4B-00C04F79EFBC}") = "IRF_GYAK6", "IRF_GYAK6.csproj", "{74E76E81-A36A-4241-9079-2A8531645223}"
EndProject
Global
	GlobalSection(SolutionConfigurationPlatforms) = preSolution
		Debug|Any CPU = Debug|Any CPU
		Release|Any CPU = Release|Any CPU
	EndGlobalSection
	GlobalSection(ProjectConfigurationPlatforms) = postSolution
		{74E76E81-A36A-4241-9079-2A8531645223}.Debug|Any CPU.ActiveCfg = Debug|Any CPU
		{74E76E81-A36A-4241-9079-2A8531645223}.Debug|Any CPU.Build.0 = Debug|Any CPU
		{74E76E81-A36A-4241-9079-2A8531645223}.Release|Any CPU.ActiveCfg = Release|Any CPU
		{74E76E81-A36A-4241-9079-2A8531645223}.Release|Any CPU.Build.0 = Release|Any CPU
	EndGlobalSection
	GlobalSection(SolutionProperties) = preSolution
		HideSolutionNode = FALSE
	EndGlobalSection
	GlobalSection(ExtensibilityGlobals) = postSolution
		SolutionGuid = {4A28F1A4-BE0E-4003-83AE-57D2D974C658}
	EndGlobalSection
EndGlobal
