
Microsoft Visual Studio Solution File, Format Version 12.00
# Visual Studio Version 16
VisualStudioVersion = 16.0.29306.81
MinimumVisualStudioVersion = 10.0.40219.1
Project("{FAE04EC0-301F-11D3-BF4B-00C04F79EFBC}") = "IRF_GYAK8", "IRF_GYAK8.csproj", "{19C2C345-3B5D-44CF-A33E-65BE172295B5}"
EndProject
Global
	GlobalSection(SolutionConfigurationPlatforms) = preSolution
		Debug|Any CPU = Debug|Any CPU
		Release|Any CPU = Release|Any CPU
	EndGlobalSection
	GlobalSection(ProjectConfigurationPlatforms) = postSolution
		{19C2C345-3B5D-44CF-A33E-65BE172295B5}.Debug|Any CPU.ActiveCfg = Debug|Any CPU
		{19C2C345-3B5D-44CF-A33E-65BE172295B5}.Debug|Any CPU.Build.0 = Debug|Any CPU
		{19C2C345-3B5D-44CF-A33E-65BE172295B5}.Release|Any CPU.ActiveCfg = Release|Any CPU
		{19C2C345-3B5D-44CF-A33E-65BE172295B5}.Release|Any CPU.Build.0 = Release|Any CPU
	EndGlobalSection
	GlobalSection(SolutionProperties) = preSolution
		HideSolutionNode = FALSE
	EndGlobalSection
	GlobalSection(ExtensibilityGlobals) = postSolution
		SolutionGuid = {EFF8B06C-DEE3-4E62-81B6-4BD6A91190F3}
	EndGlobalSection
EndGlobal
