
Microsoft Visual Studio Solution File, Format Version 12.00
# Visual Studio Version 16
VisualStudioVersion = 16.0.29306.81
MinimumVisualStudioVersion = 10.0.40219.1
Project("{FAE04EC0-301F-11D3-BF4B-00C04F79EFBC}") = "IRF_GYAK9", "IRF_GYAK9.csproj", "{D40688E0-DA9A-4628-8778-B125FBE46E16}"
EndProject
Global
	GlobalSection(SolutionConfigurationPlatforms) = preSolution
		Debug|Any CPU = Debug|Any CPU
		Release|Any CPU = Release|Any CPU
	EndGlobalSection
	GlobalSection(ProjectConfigurationPlatforms) = postSolution
		{D40688E0-DA9A-4628-8778-B125FBE46E16}.Debug|Any CPU.ActiveCfg = Debug|Any CPU
		{D40688E0-DA9A-4628-8778-B125FBE46E16}.Debug|Any CPU.Build.0 = Debug|Any CPU
		{D40688E0-DA9A-4628-8778-B125FBE46E16}.Release|Any CPU.ActiveCfg = Release|Any CPU
		{D40688E0-DA9A-4628-8778-B125FBE46E16}.Release|Any CPU.Build.0 = Release|Any CPU
	EndGlobalSection
	GlobalSection(SolutionProperties) = preSolution
		HideSolutionNode = FALSE
	EndGlobalSection
	GlobalSection(ExtensibilityGlobals) = postSolution
		SolutionGuid = {897AFA46-3E37-4EB7-B229-5860C07FFC9F}
	EndGlobalSection
EndGlobal
