
Microsoft Visual Studio Solution File, Format Version 12.00
# Visual Studio Version 16
VisualStudioVersion = 16.0.29306.81
MinimumVisualStudioVersion = 10.0.40219.1
Project("{FAE04EC0-301F-11D3-BF4B-00C04F79EFBC}") = "IRF_GYAK10", "IRF_GYAK10.csproj", "{A03FC590-B378-4EA6-8C4C-E8EB78217349}"
EndProject
Global
	GlobalSection(SolutionConfigurationPlatforms) = preSolution
		Debug|Any CPU = Debug|Any CPU
		Release|Any CPU = Release|Any CPU
	EndGlobalSection
	GlobalSection(ProjectConfigurationPlatforms) = postSolution
		{A03FC590-B378-4EA6-8C4C-E8EB78217349}.Debug|Any CPU.ActiveCfg = Debug|Any CPU
		{A03FC590-B378-4EA6-8C4C-E8EB78217349}.Debug|Any CPU.Build.0 = Debug|Any CPU
		{A03FC590-B378-4EA6-8C4C-E8EB78217349}.Release|Any CPU.ActiveCfg = Release|Any CPU
		{A03FC590-B378-4EA6-8C4C-E8EB78217349}.Release|Any CPU.Build.0 = Release|Any CPU
	EndGlobalSection
	GlobalSection(SolutionProperties) = preSolution
		HideSolutionNode = FALSE
	EndGlobalSection
	GlobalSection(ExtensibilityGlobals) = postSolution
		SolutionGuid = {16ABC9E2-E426-4759-A1D6-55545936D97C}
	EndGlobalSection
EndGlobal
